
Microsoft Visual Studio Solution File, Format Version 12.00
# Visual Studio Express 2013 for Windows Desktop
VisualStudioVersion = 12.0.21005.1
MinimumVisualStudioVersion = 10.0.40219.1
Project("{FAE04EC0-301F-11D3-BF4B-00C04F79EFBC}") = "AdvancedRenamer", "AdvancedRenamer\AdvancedRenamer.csproj", "{01F0F0A8-9C6D-47D9-AF7D-6993E98C248C}"
EndProject
Project("{FAE04EC0-301F-11D3-BF4B-00C04F79EFBC}") = "ShellContextMenu", "ShellContextMenu.cs\ShellContextMenu.csproj", "{201AFA8C-FC6C-4C27-B6FD-2F8888292847}"
EndProject
Global
	GlobalSection(SolutionConfigurationPlatforms) = preSolution
		Debug|Any CPU = Debug|Any CPU
		Release|Any CPU = Release|Any CPU
	EndGlobalSection
	GlobalSection(ProjectConfigurationPlatforms) = postSolution
		{01F0F0A8-9C6D-47D9-AF7D-6993E98C248C}.Debug|Any CPU.ActiveCfg = Debug|Any CPU
		{01F0F0A8-9C6D-47D9-AF7D-6993E98C248C}.Debug|Any CPU.Build.0 = Debug|Any CPU
		{01F0F0A8-9C6D-47D9-AF7D-6993E98C248C}.Release|Any CPU.ActiveCfg = Release|Any CPU
		{01F0F0A8-9C6D-47D9-AF7D-6993E98C248C}.Release|Any CPU.Build.0 = Release|Any CPU
		{201AFA8C-FC6C-4C27-B6FD-2F8888292847}.Debug|Any CPU.ActiveCfg = Debug|Any CPU
		{201AFA8C-FC6C-4C27-B6FD-2F8888292847}.Debug|Any CPU.Build.0 = Debug|Any CPU
		{201AFA8C-FC6C-4C27-B6FD-2F8888292847}.Release|Any CPU.ActiveCfg = Release|Any CPU
		{201AFA8C-FC6C-4C27-B6FD-2F8888292847}.Release|Any CPU.Build.0 = Release|Any CPU
	EndGlobalSection
	GlobalSection(SolutionProperties) = preSolution
		HideSolutionNode = FALSE
	EndGlobalSection
EndGlobal
